{
  "name": "@bitcoin-api/redis-streams-utils",
  "version": "2.0.0",
  "lockfileVersion": 1,
  "requires": true,
  "dependencies": {
    "do-redis-request": {
      "version": "1.0.6",
      "resolved": "https://registry.npmjs.org/do-redis-request/-/do-redis-request-1.0.6.tgz",
      "integrity": "sha512-QVs2Stu0gcqOalDfmvCmJ3o20NPNO6qDs82IbSEIvOfBOest5TDowQM7zOrGqJ6m/I63nIA9RfsRg9F3GI0rjQ=="
    }
  }
}
