{
  "name": "redis-streams-utils",
  "version": "1.0.1",
  "lockfileVersion": 1,
  "requires": true,
  "dependencies": {
    "do-redis-request": {
      "version": "1.0.5",
      "resolved": "https://registry.npmjs.org/do-redis-request/-/do-redis-request-1.0.5.tgz",
      "integrity": "sha512-kTNL5HxIwkkLIQYVyUREnTGydZvPon+HMHQRInYbPSkOkrSZB2muYvppRx/4tY4/FSJRP+rUZosWlxAgla/f+Q=="
    }
  }
}
